
Microsoft Visual Studio Solution File, Format Version 12.00
# Visual Studio Version 16
VisualStudioVersion = 16.0.31727.386
MinimumVisualStudioVersion = 10.0.40219.1
Project("{FAE04EC0-301F-11D3-BF4B-00C04F79EFBC}") = "3.Cwiczenie5.1", "3.Cwiczenie5.1\3.Cwiczenie5.1.csproj", "{804392D0-634A-4644-BAFD-07551FAE706E}"
EndProject
Global
	GlobalSection(SolutionConfigurationPlatforms) = preSolution
		Debug|Any CPU = Debug|Any CPU
		Release|Any CPU = Release|Any CPU
	EndGlobalSection
	GlobalSection(ProjectConfigurationPlatforms) = postSolution
		{804392D0-634A-4644-BAFD-07551FAE706E}.Debug|Any CPU.ActiveCfg = Debug|Any CPU
		{804392D0-634A-4644-BAFD-07551FAE706E}.Debug|Any CPU.Build.0 = Debug|Any CPU
		{804392D0-634A-4644-BAFD-07551FAE706E}.Release|Any CPU.ActiveCfg = Release|Any CPU
		{804392D0-634A-4644-BAFD-07551FAE706E}.Release|Any CPU.Build.0 = Release|Any CPU
	EndGlobalSection
	GlobalSection(SolutionProperties) = preSolution
		HideSolutionNode = FALSE
	EndGlobalSection
	GlobalSection(ExtensibilityGlobals) = postSolution
		SolutionGuid = {9610616E-EC25-4784-ADFA-0F2F2D1C9447}
	EndGlobalSection
EndGlobal
