
Microsoft Visual Studio Solution File, Format Version 12.00
# Visual Studio Version 16
VisualStudioVersion = 16.0.31727.386
MinimumVisualStudioVersion = 10.0.40219.1
Project("{FAE04EC0-301F-11D3-BF4B-00C04F79EFBC}") = "4.Cwiczenie5.2", "4.Cwiczenie5.2\4.Cwiczenie5.2.csproj", "{371F32E3-4B19-4F3C-B10D-2F070F3A2D1A}"
EndProject
Global
	GlobalSection(SolutionConfigurationPlatforms) = preSolution
		Debug|Any CPU = Debug|Any CPU
		Release|Any CPU = Release|Any CPU
	EndGlobalSection
	GlobalSection(ProjectConfigurationPlatforms) = postSolution
		{371F32E3-4B19-4F3C-B10D-2F070F3A2D1A}.Debug|Any CPU.ActiveCfg = Debug|Any CPU
		{371F32E3-4B19-4F3C-B10D-2F070F3A2D1A}.Debug|Any CPU.Build.0 = Debug|Any CPU
		{371F32E3-4B19-4F3C-B10D-2F070F3A2D1A}.Release|Any CPU.ActiveCfg = Release|Any CPU
		{371F32E3-4B19-4F3C-B10D-2F070F3A2D1A}.Release|Any CPU.Build.0 = Release|Any CPU
	EndGlobalSection
	GlobalSection(SolutionProperties) = preSolution
		HideSolutionNode = FALSE
	EndGlobalSection
	GlobalSection(ExtensibilityGlobals) = postSolution
		SolutionGuid = {81B08BE2-3108-409E-A0A3-D776D648D0B4}
	EndGlobalSection
EndGlobal
